{
  "name": "@monai/eslint-plugin-toolbox",
  "version": "0.0.1",
  "lockfileVersion": 1,
  "requires": true,
  "dependencies": {
    "eslint-rule-composer": {
      "version": "0.3.0",
      "resolved": "https://registry.npmjs.org/eslint-rule-composer/-/eslint-rule-composer-0.3.0.tgz",
      "integrity": "sha512-bt+Sh8CtDmn2OajxvNO+BX7Wn4CIWMpTRm3MaiKPCQcnnlm0CS2mhui6QaoeQugs+3Kj2ESKEEGJUdVafwhiCg=="
    }
  }
}
